
Microsoft Visual Studio Solution File, Format Version 12.00
# Visual Studio Version 17
VisualStudioVersion = 17.3.32922.545
MinimumVisualStudioVersion = 10.0.40219.1
Project("{FAE04EC0-301F-11D3-BF4B-00C04F79EFBC}") = "Rectangle.Application", "Rectangle.Application\Rectangle.Application.csproj", "{31D36FD9-CFCD-4980-963E-88E02C393A30}"
EndProject
Project("{FAE04EC0-301F-11D3-BF4B-00C04F79EFBC}") = "Rectangle.Infrastructure", "Rectangle.Infrastructure\Rectangle.Infrastructure.csproj", "{B12C2E02-F560-498B-A743-1BF1C6E0A581}"
EndProject
Project("{FAE04EC0-301F-11D3-BF4B-00C04F79EFBC}") = "Rectangle.Domain", "Rectangle.Domain\Rectangle.Domain.csproj", "{D1860160-C197-46C3-8203-448C8B7C6372}"
EndProject
Project("{FAE04EC0-301F-11D3-BF4B-00C04F79EFBC}") = "Rectangle.ConsoleApp", "Rectangle.ConsoleApp\Rectangle.ConsoleApp.csproj", "{5510C90D-F399-4438-94BF-BB4113EA67DC}"
EndProject
Project("{FAE04EC0-301F-11D3-BF4B-00C04F79EFBC}") = "Rectangle.Test", "Rectangle.Test\Rectangle.Test.csproj", "{C9AA3B33-EBEE-445C-9E2B-E422F477435C}"
EndProject
Global
	GlobalSection(SolutionConfigurationPlatforms) = preSolution
		Debug|Any CPU = Debug|Any CPU
		Release|Any CPU = Release|Any CPU
	EndGlobalSection
	GlobalSection(ProjectConfigurationPlatforms) = postSolution
		{31D36FD9-CFCD-4980-963E-88E02C393A30}.Debug|Any CPU.ActiveCfg = Debug|Any CPU
		{31D36FD9-CFCD-4980-963E-88E02C393A30}.Debug|Any CPU.Build.0 = Debug|Any CPU
		{31D36FD9-CFCD-4980-963E-88E02C393A30}.Release|Any CPU.ActiveCfg = Release|Any CPU
		{31D36FD9-CFCD-4980-963E-88E02C393A30}.Release|Any CPU.Build.0 = Release|Any CPU
		{B12C2E02-F560-498B-A743-1BF1C6E0A581}.Debug|Any CPU.ActiveCfg = Debug|Any CPU
		{B12C2E02-F560-498B-A743-1BF1C6E0A581}.Debug|Any CPU.Build.0 = Debug|Any CPU
		{B12C2E02-F560-498B-A743-1BF1C6E0A581}.Release|Any CPU.ActiveCfg = Release|Any CPU
		{B12C2E02-F560-498B-A743-1BF1C6E0A581}.Release|Any CPU.Build.0 = Release|Any CPU
		{D1860160-C197-46C3-8203-448C8B7C6372}.Debug|Any CPU.ActiveCfg = Debug|Any CPU
		{D1860160-C197-46C3-8203-448C8B7C6372}.Debug|Any CPU.Build.0 = Debug|Any CPU
		{D1860160-C197-46C3-8203-448C8B7C6372}.Release|Any CPU.ActiveCfg = Release|Any CPU
		{D1860160-C197-46C3-8203-448C8B7C6372}.Release|Any CPU.Build.0 = Release|Any CPU
		{5510C90D-F399-4438-94BF-BB4113EA67DC}.Debug|Any CPU.ActiveCfg = Debug|Any CPU
		{5510C90D-F399-4438-94BF-BB4113EA67DC}.Debug|Any CPU.Build.0 = Debug|Any CPU
		{5510C90D-F399-4438-94BF-BB4113EA67DC}.Release|Any CPU.ActiveCfg = Release|Any CPU
		{5510C90D-F399-4438-94BF-BB4113EA67DC}.Release|Any CPU.Build.0 = Release|Any CPU
		{C9AA3B33-EBEE-445C-9E2B-E422F477435C}.Debug|Any CPU.ActiveCfg = Debug|Any CPU
		{C9AA3B33-EBEE-445C-9E2B-E422F477435C}.Debug|Any CPU.Build.0 = Debug|Any CPU
		{C9AA3B33-EBEE-445C-9E2B-E422F477435C}.Release|Any CPU.ActiveCfg = Release|Any CPU
		{C9AA3B33-EBEE-445C-9E2B-E422F477435C}.Release|Any CPU.Build.0 = Release|Any CPU
	EndGlobalSection
	GlobalSection(SolutionProperties) = preSolution
		HideSolutionNode = FALSE
	EndGlobalSection
	GlobalSection(ExtensibilityGlobals) = postSolution
		SolutionGuid = {F1F7A639-82F4-43B9-8560-62B1EB829920}
	EndGlobalSection
EndGlobal
